// !$*UTF8*$!
{
	archiveVersion = 1;
	classes = {
	};
	objectVersion = 56;
	objects = {

/* Begin PBXBuildFile section */
		A1234567890123456789012A /* LumenFocusApp.swift in Sources */ = {isa = PBXBuildFile; fileRef = A1234567890123456789012B /* LumenFocusApp.swift */; };
		A1234567890123456789012C /* ContentView.swift in Sources */ = {isa = PBXBuildFile; fileRef = A1234567890123456789012D /* ContentView.swift */; };
		A1234567890123456789012E /* Preset.swift in Sources */ = {isa = PBXBuildFile; fileRef = A1234567890123456789012F /* Preset.swift */; };
		A1234567890123456789012G /* Session.swift in Sources */ = {isa = PBXBuildFile; fileRef = A1234567890123456789012H /* Session.swift */; };
		A1234567890123456789012I /* Task.swift in Sources */ = {isa = PBXBuildFile; fileRef = A1234567890123456789012J /* Task.swift */; };
		A1234567890123456789012K /* AppIntents.swift in Sources */ = {isa = PBXBuildFile; fileRef = A1234567890123456789012L /* AppIntents.swift */; };
		A1234567890123456789012M /* AudioService.swift in Sources */ = {isa = PBXBuildFile; fileRef = A1234567890123456789012N /* AudioService.swift */; };
		A1234567890123456789012O /* CloudKitService.swift in Sources */ = {isa = PBXBuildFile; fileRef = A1234567890123456789012P /* CloudKitService.swift */; };
		A1234567890123456789012Q /* CoreDataManager.swift in Sources */ = {isa = PBXBuildFile; fileRef = A1234567890123456789012R /* CoreDataManager.swift */; };
		A1234567890123456789012S /* FocusModeService.swift in Sources */ = {isa = PBXBuildFile; fileRef = A1234567890123456789012T /* FocusModeService.swift */; };
		A1234567890123456789012U /* LiveActivityManager.swift in Sources */ = {isa = PBXBuildFile; fileRef = A1234567890123456789012V /* LiveActivityManager.swift */; };
		A1234567890123456789012W /* NotificationService.swift in Sources */ = {isa = PBXBuildFile; fileRef = A1234567890123456789012X /* NotificationService.swift */; };
		A1234567890123456789012Y /* TimerViewModel.swift in Sources */ = {isa = PBXBuildFile; fileRef = A1234567890123456789012Z /* TimerViewModel.swift */; };
		A1234567890123456789013A /* AddTaskView.swift in Sources */ = {isa = PBXBuildFile; fileRef = A1234567890123456789013B /* AddTaskView.swift */; };
		A1234567890123456789013C /* PresetSwitcherView.swift in Sources */ = {isa = PBXBuildFile; fileRef = A1234567890123456789013D /* PresetSwitcherView.swift */; };
		A1234567890123456789013E /* ProgressBarView.swift in Sources */ = {isa = PBXBuildFile; fileRef = A1234567890123456789013F /* ProgressBarView.swift */; };
		A1234567890123456789013G /* RecentSessionsGraphView.swift in Sources */ = {isa = PBXBuildFile; fileRef = A1234567890123456789013H /* RecentSessionsGraphView.swift */; };
		A1234567890123456789013I /* TimerCardView.swift in Sources */ = {isa = PBXBuildFile; fileRef = A1234567890123456789013J /* TimerCardView.swift */; };
		A1234567890123456789013K /* FocusView.swift in Sources */ = {isa = PBXBuildFile; fileRef = A1234567890123456789013L /* FocusView.swift */; };
		A1234567890123456789013M /* GardenView.swift in Sources */ = {isa = PBXBuildFile; fileRef = A1234567890123456789013N /* GardenView.swift */; };
		A1234567890123456789013O /* SettingsView.swift in Sources */ = {isa = PBXBuildFile; fileRef = A1234567890123456789013P /* SettingsView.swift */; };
		A1234567890123456789013Q /* StandByView.swift in Sources */ = {isa = PBXBuildFile; fileRef = A1234567890123456789013R /* StandByView.swift */; };
		A1234567890123456789013S /* StatisticsView.swift in Sources */ = {isa = PBXBuildFile; fileRef = A1234567890123456789013T /* StatisticsView.swift */; };
		A1234567890123456789013U /* TasksView.swift in Sources */ = {isa = PBXBuildFile; fileRef = A1234567890123456789013V /* TasksView.swift */; };
		A1234567890123456789013W /* FocusWidget.swift in Sources */ = {isa = PBXBuildFile; fileRef = A1234567890123456789013X /* FocusWidget.swift */; };
		A1234567890123456789013Y /* Color+Extensions.swift in Sources */ = {isa = PBXBuildFile; fileRef = A1234567890123456789013Z /* Color+Extensions.swift */; };
		A1234567890123456789014A /* Localizable.strings in Resources */ = {isa = PBXBuildFile; fileRef = A1234567890123456789014B /* Localizable.strings */; };
		A1234567890123456789014C /* Localizable.strings in Resources */ = {isa = PBXBuildFile; fileRef = A1234567890123456789014D /* Localizable.strings */; };
		A1234567890123456789014E /* AccentColor.colorset in Resources */ = {isa = PBXBuildFile; fileRef = A1234567890123456789014F /* AccentColor.colorset */; };
		A1234567890123456789014G /* AppIcon.appiconset in Resources */ = {isa = PBXBuildFile; fileRef = A1234567890123456789014H /* AppIcon.appiconset */; };
/* End PBXBuildFile section */

/* Begin PBXFileReference section */
		A1234567890123456789012A /* LumenFocus.app */ = {isa = PBXFileReference; explicitFileType = wrapper.application; includeInIndex = 0; path = LumenFocus.app; sourceTree = BUILT_PRODUCTS_DIR; };
		A1234567890123456789012B /* LumenFocusApp.swift */ = {isa = PBXFileReference; lastKnownFileType = sourcecode.swift; path = LumenFocusApp.swift; sourceTree = "<group>"; };
		A1234567890123456789012D /* ContentView.swift */ = {isa = PBXFileReference; lastKnownFileType = sourcecode.swift; path = ContentView.swift; sourceTree = "<group>"; };
		A1234567890123456789012F /* Preset.swift */ = {isa = PBXFileReference; lastKnownFileType = sourcecode.swift; path = Preset.swift; sourceTree = "<group>"; };
		A1234567890123456789012H /* Session.swift */ = {isa = PBXFileReference; lastKnownFileType = sourcecode.swift; path = Session.swift; sourceTree = "<group>"; };
		A1234567890123456789012J /* Task.swift */ = {isa = PBXFileReference; lastKnownFileType = sourcecode.swift; path = Task.swift; sourceTree = "<group>"; };
		A1234567890123456789012L /* AppIntents.swift */ = {isa = PBXFileReference; lastKnownFileType = sourcecode.swift; path = AppIntents.swift; sourceTree = "<group>"; };
		A1234567890123456789012N /* AudioService.swift */ = {isa = PBXFileReference; lastKnownFileType = sourcecode.swift; path = AudioService.swift; sourceTree = "<group>"; };
		A1234567890123456789012P /* CloudKitService.swift */ = {isa = PBXFileReference; lastKnownFileType = sourcecode.swift; path = CloudKitService.swift; sourceTree = "<group>"; };
		A1234567890123456789012R /* CoreDataManager.swift */ = {isa = PBXFileReference; lastKnownFileType = sourcecode.swift; path = CoreDataManager.swift; sourceTree = "<group>"; };
		A1234567890123456789012T /* FocusModeService.swift */ = {isa = PBXFileReference; lastKnownFileType = sourcecode.swift; path = FocusModeService.swift; sourceTree = "<group>"; };
		A1234567890123456789012V /* LiveActivityManager.swift */ = {isa = PBXFileReference; lastKnownFileType = sourcecode.swift; path = LiveActivityManager.swift; sourceTree = "<group>"; };
		A1234567890123456789012X /* NotificationService.swift */ = {isa = PBXFileReference; lastKnownFileType = sourcecode.swift; path = NotificationService.swift; sourceTree = "<group>"; };
		A1234567890123456789012Z /* TimerViewModel.swift */ = {isa = PBXFileReference; lastKnownFileType = sourcecode.swift; path = TimerViewModel.swift; sourceTree = "<group>"; };
		A1234567890123456789013B /* AddTaskView.swift */ = {isa = PBXFileReference; lastKnownFileType = sourcecode.swift; path = AddTaskView.swift; sourceTree = "<group>"; };
		A1234567890123456789013D /* PresetSwitcherView.swift */ = {isa = PBXFileReference; lastKnownFileType = sourcecode.swift; path = PresetSwitcherView.swift; sourceTree = "<group>"; };
		A1234567890123456789013F /* ProgressBarView.swift */ = {isa = PBXFileReference; lastKnownFileType = sourcecode.swift; path = ProgressBarView.swift; sourceTree = "<group>"; };
		A1234567890123456789013H /* RecentSessionsGraphView.swift */ = {isa = PBXFileReference; lastKnownFileType = sourcecode.swift; path = RecentSessionsGraphView.swift; sourceTree = "<group>"; };
		A1234567890123456789013J /* TimerCardView.swift */ = {isa = PBXFileReference; lastKnownFileType = sourcecode.swift; path = TimerCardView.swift; sourceTree = "<group>"; };
		A1234567890123456789013L /* FocusView.swift */ = {isa = PBXFileReference; lastKnownFileType = sourcecode.swift; path = FocusView.swift; sourceTree = "<group>"; };
		A1234567890123456789013N /* GardenView.swift */ = {isa = PBXFileReference; lastKnownFileType = sourcecode.swift; path = GardenView.swift; sourceTree = "<group>"; };
		A1234567890123456789013P /* SettingsView.swift */ = {isa = PBXFileReference; lastKnownFileType = sourcecode.swift; path = SettingsView.swift; sourceTree = "<group>"; };
		A1234567890123456789013R /* StandByView.swift */ = {isa = PBXFileReference; lastKnownFileType = sourcecode.swift; path = StandByView.swift; sourceTree = "<group>"; };
		A1234567890123456789013T /* StatisticsView.swift */ = {isa = PBXFileReference; lastKnownFileType = sourcecode.swift; path = StatisticsView.swift; sourceTree = "<group>"; };
		A1234567890123456789013V /* TasksView.swift */ = {isa = PBXFileReference; lastKnownFileType = sourcecode.swift; path = TasksView.swift; sourceTree = "<group>"; };
		A1234567890123456789013W /* FocusWidget.swift */ = {isa = PBXFileReference; lastKnownFileType = sourcecode.swift; path = FocusWidget.swift; sourceTree = "<group>"; };
		A1234567890123456789013Y /* Color+Extensions.swift */ = {isa = PBXFileReference; lastKnownFileType = sourcecode.swift; path = "Color+Extensions.swift"; sourceTree = "<group>"; };
		A1234567890123456789014A /* Localizable.strings */ = {isa = PBXFileReference; lastKnownFileType = text.plist.strings; path = Localizable.strings; sourceTree = "<group>"; };
		A1234567890123456789014B /* Localizable.strings */ = {isa = PBXFileReference; lastKnownFileType = text.plist.strings; path = Localizable.strings; sourceTree = "<group>"; };
		A1234567890123456789014C /* Localizable.strings */ = {isa = PBXFileReference; lastKnownFileType = text.plist.strings; path = Localizable.strings; sourceTree = "<group>"; };
		A1234567890123456789014D /* Localizable.strings */ = {isa = PBXFileReference; lastKnownFileType = text.plist.strings; path = Localizable.strings; sourceTree = "<group>"; };
		A1234567890123456789014E /* AccentColor.colorset */ = {isa = PBXFileReference; lastKnownFileType = text.json; path = AccentColor.colorset; sourceTree = "<group>"; };
		A1234567890123456789014F /* AccentColor.colorset */ = {isa = PBXFileReference; lastKnownFileType = text.json; path = AccentColor.colorset; sourceTree = "<group>"; };
		A1234567890123456789014G /* AppIcon.appiconset */ = {isa = PBXFileReference; lastKnownFileType = text.json; path = AppIcon.appiconset; sourceTree = "<group>"; };
		A1234567890123456789014H /* AppIcon.appiconset */ = {isa = PBXFileReference; lastKnownFileType = text.json; path = AppIcon.appiconset; sourceTree = "<group>"; };
		A1234567890123456789014I /* Info.plist */ = {isa = PBXFileReference; lastKnownFileType = text.plist.xml; path = Info.plist; sourceTree = "<group>"; };
		A1234567890123456789014J /* LumenFocus.xcdatamodel */ = {isa = PBXFileReference; lastKnownFileType = wrapper.xcdatamodel; path = LumenFocus.xcdatamodel; sourceTree = "<group>"; };
/* End PBXFileReference section */

/* Begin PBXFrameworksBuildPhase section */
		A1234567890123456789014K /* Frameworks */ = {
			isa = PBXFrameworksBuildPhase;
			buildActionMask = 2147483647;
			files = (
			);
			runOnlyForDeploymentPostprocessing = 0;
		};
/* End PBXFrameworksBuildPhase section */

/* Begin PBXGroup section */
		A1234567890123456789014L = {
			isa = PBXGroup;
			children = (
				A1234567890123456789014M /* LumenFocus */,
				A1234567890123456789014N /* Products */,
			);
			sourceTree = "<group>";
		};
		A1234567890123456789014M /* LumenFocus */ = {
			isa = PBXGroup;
			children = (
				A1234567890123456789014O /* Models */,
				A1234567890123456789014P /* Services */,
				A1234567890123456789014Q /* ViewModels */,
				A1234567890123456789014R /* Views */,
				A1234567890123456789014S /* Widgets */,
				A1234567890123456789014T /* Extensions */,
				A1234567890123456789014U /* Resources */,
				A1234567890123456789014V /* Assets.xcassets */,
				A1234567890123456789012B /* LumenFocusApp.swift */,
				A1234567890123456789012D /* ContentView.swift */,
				A1234567890123456789014I /* Info.plist */,
			);
			path = LumenFocus;
			sourceTree = "<group>";
		};
		A1234567890123456789014O /* Models */ = {
			isa = PBXGroup;
			children = (
				A1234567890123456789014J /* LumenFocus.xcdatamodel */,
				A1234567890123456789012F /* Preset.swift */,
				A1234567890123456789012H /* Session.swift */,
				A1234567890123456789012J /* Task.swift */,
			);
			path = Models;
			sourceTree = "<group>";
		};
		A1234567890123456789014P /* Services */ = {
			isa = PBXGroup;
			children = (
				A1234567890123456789012L /* AppIntents.swift */,
				A1234567890123456789012N /* AudioService.swift */,
				A1234567890123456789012P /* CloudKitService.swift */,
				A1234567890123456789012R /* CoreDataManager.swift */,
				A1234567890123456789012T /* FocusModeService.swift */,
				A1234567890123456789012V /* LiveActivityManager.swift */,
				A1234567890123456789012X /* NotificationService.swift */,
			);
			path = Services;
			sourceTree = "<group>";
		};
		A1234567890123456789014Q /* ViewModels */ = {
			isa = PBXGroup;
			children = (
				A1234567890123456789012Z /* TimerViewModel.swift */,
			);
			path = ViewModels;
			sourceTree = "<group>";
		};
		A1234567890123456789014R /* Views */ = {
			isa = PBXGroup;
			children = (
				A1234567890123456789014W /* Components */,
				A1234567890123456789013B /* AddTaskView.swift */,
				A1234567890123456789013L /* FocusView.swift */,
				A1234567890123456789013N /* GardenView.swift */,
				A1234567890123456789013P /* SettingsView.swift */,
				A1234567890123456789013R /* StandByView.swift */,
				A1234567890123456789013T /* StatisticsView.swift */,
				A1234567890123456789013V /* TasksView.swift */,
			);
			path = Views;
			sourceTree = "<group>";
		};
		A1234567890123456789014W /* Components */ = {
			isa = PBXGroup;
			children = (
				A1234567890123456789013D /* PresetSwitcherView.swift */,
				A1234567890123456789013F /* ProgressBarView.swift */,
				A1234567890123456789013H /* RecentSessionsGraphView.swift */,
				A1234567890123456789013J /* TimerCardView.swift */,
			);
			path = Components;
			sourceTree = "<group>";
		};
		A1234567890123456789014S /* Widgets */ = {
			isa = PBXGroup;
			children = (
				A1234567890123456789013X /* FocusWidget.swift */,
			);
			path = Widgets;
			sourceTree = "<group>";
		};
		A1234567890123456789014T /* Extensions */ = {
			isa = PBXGroup;
			children = (
				A1234567890123456789013Z /* Color+Extensions.swift */,
			);
			path = Extensions;
			sourceTree = "<group>";
		};
		A1234567890123456789014U /* Resources */ = {
			isa = PBXGroup;
			children = (
				A1234567890123456789014X /* en.lproj */,
				A1234567890123456789014Y /* ru.lproj */,
			);
			path = Resources;
			sourceTree = "<group>";
		};
		A1234567890123456789014X /* en.lproj */ = {
			isa = PBXGroup;
			children = (
				A1234567890123456789014B /* Localizable.strings */,
			);
			path = en.lproj;
			sourceTree = "<group>";
		};
		A1234567890123456789014Y /* ru.lproj */ = {
			isa = PBXGroup;
			children = (
				A1234567890123456789014D /* Localizable.strings */,
			);
			path = ru.lproj;
			sourceTree = "<group>";
		};
		A1234567890123456789014V /* Assets.xcassets */ = {
			isa = PBXGroup;
			children = (
				A1234567890123456789014F /* AccentColor.colorset */,
				A1234567890123456789014H /* AppIcon.appiconset */,
			);
			path = "Assets.xcassets";
			sourceTree = "<group>";
		};
		A1234567890123456789014N /* Products */ = {
			isa = PBXGroup;
			children = (
				A1234567890123456789012A /* LumenFocus.app */,
			);
			name = Products;
			sourceTree = "<group>";
		};
/* End PBXGroup section */

/* Begin PBXNativeTarget section */
		A1234567890123456789014Z /* LumenFocus */ = {
			isa = PBXNativeTarget;
			buildConfigurationList = A1234567890123456789015A /* Build configuration list for PBXNativeTarget "LumenFocus" */;
			buildPhases = (
				A1234567890123456789015B /* Sources */,
				A1234567890123456789014K /* Frameworks */,
				A1234567890123456789015C /* Resources */,
			);
			buildRules = (
			);
			dependencies = (
			);
			name = LumenFocus;
			productName = LumenFocus;
			productReference = A1234567890123456789012A /* LumenFocus.app */;
			productType = "com.apple.product-type.application";
		};
/* End PBXNativeTarget section */

/* Begin PBXProject section */
		A1234567890123456789015D /* Project object */ = {
			isa = PBXProject;
			attributes = {
				BuildIndependentTargetsInParallel = 1;
				LastSwiftUpdateCheck = 1500;
				LastUpgradeCheck = 1500;
				TargetAttributes = {
					A1234567890123456789014Z = {
						CreatedOnToolsVersion = 15.0;
					};
				};
			};
			buildConfigurationList = A1234567890123456789015E /* Build configuration list for PBXProject "LumenFocus" */;
			compatibilityVersion = "Xcode 14.0";
			developmentRegion = en;
			hasScannedForEncodings = 0;
			knownRegions = (
				en,
				Base,
				ru,
			);
			mainGroup = A1234567890123456789014L;
			productRefGroup = A1234567890123456789014N /* Products */;
			projectDirPath = "";
			projectRoot = "";
			targets = (
				A1234567890123456789014Z /* LumenFocus */,
			);
		};
/* End PBXProject section */

/* Begin PBXResourcesBuildPhase section */
		A1234567890123456789015C /* Resources */ = {
			isa = PBXResourcesBuildPhase;
			buildActionMask = 2147483647;
			files = (
				A1234567890123456789014A /* Localizable.strings in Resources */,
				A1234567890123456789014C /* Localizable.strings in Resources */,
				A1234567890123456789014E /* AccentColor.colorset in Resources */,
				A1234567890123456789014G /* AppIcon.appiconset in Resources */,
			);
			runOnlyForDeploymentPostprocessing = 0;
		};
/* End PBXResourcesBuildPhase section */

/* Begin PBXSourcesBuildPhase section */
		A1234567890123456789015B /* Sources */ = {
			isa = PBXSourcesBuildPhase;
			buildActionMask = 2147483647;
			files = (
				A1234567890123456789012A /* LumenFocusApp.swift in Sources */,
				A1234567890123456789012C /* ContentView.swift in Sources */,
				A1234567890123456789012E /* Preset.swift in Sources */,
				A1234567890123456789012G /* Session.swift in Sources */,
				A1234567890123456789012I /* Task.swift in Sources */,
				A1234567890123456789012K /* AppIntents.swift in Sources */,
				A1234567890123456789012M /* AudioService.swift in Sources */,
				A1234567890123456789012O /* CloudKitService.swift in Sources */,
				A1234567890123456789012Q /* CoreDataManager.swift in Sources */,
				A1234567890123456789012S /* FocusModeService.swift in Sources */,
				A1234567890123456789012U /* LiveActivityManager.swift in Sources */,
				A1234567890123456789012W /* NotificationService.swift in Sources */,
				A1234567890123456789012Y /* TimerViewModel.swift in Sources */,
				A1234567890123456789013A /* AddTaskView.swift in Sources */,
				A1234567890123456789013C /* PresetSwitcherView.swift in Sources */,
				A1234567890123456789013E /* ProgressBarView.swift in Sources */,
				A1234567890123456789013G /* RecentSessionsGraphView.swift in Sources */,
				A1234567890123456789013I /* TimerCardView.swift in Sources */,
				A1234567890123456789013K /* FocusView.swift in Sources */,
				A1234567890123456789013M /* GardenView.swift in Sources */,
				A1234567890123456789013O /* SettingsView.swift in Sources */,
				A1234567890123456789013Q /* StandByView.swift in Sources */,
				A1234567890123456789013S /* StatisticsView.swift in Sources */,
				A1234567890123456789013U /* TasksView.swift in Sources */,
				A1234567890123456789013W /* FocusWidget.swift in Sources */,
				A1234567890123456789013Y /* Color+Extensions.swift in Sources */,
			);
			runOnlyForDeploymentPostprocessing = 0;
		};
/* End PBXSourcesBuildPhase section */

/* Begin XCBuildConfiguration section */
		A1234567890123456789015F /* Debug */ = {
			isa = XCBuildConfiguration;
			buildSettings = {
				ALWAYS_SEARCH_USER_PATHS = NO;
				ASSETCATALOG_COMPILER_GENERATE_SWIFT_ASSET_SYMBOL_EXTENSIONS = YES;
				CLANG_ANALYZER_NONNULL = YES;
				CLANG_ANALYZER_NUMBER_OBJECT_CONVERSION = YES_AGGRESSIVE;
				CLANG_CXX_LANGUAGE_STANDARD = "gnu++20";
				CLANG_ENABLE_MODULES = YES;
				CLANG_ENABLE_OBJC_ARC = YES;
				CLANG_ENABLE_OBJC_WEAK = YES;
				CLANG_WARN_BLOCK_CAPTURE_AUTORELEASING = YES;
				CLANG_WARN_BOOL_CONVERSION = YES;
				CLANG_WARN_COMMA = YES;
				CLANG_WARN_CONSTANT_CONVERSION = YES;
				CLANG_WARN_DEPRECATED_OBJC_IMPLEMENTATIONS = YES;
				CLANG_WARN_DIRECT_OBJC_ISA_USAGE = YES_ERROR;
				CLANG_WARN_DOCUMENTATION_COMMENTS = YES;
				CLANG_WARN_EMPTY_BODY = YES;
				CLANG_WARN_ENUM_CONVERSION = YES;
				CLANG_WARN_INFINITE_RECURSION = YES;
				CLANG_WARN_INT_CONVERSION = YES;
				CLANG_WARN_NON_LITERAL_NULL_CONVERSION = YES;
				CLANG_WARN_OBJC_IMPLICIT_RETAIN_SELF = YES;
				CLANG_WARN_OBJC_LITERAL_CONVERSION = YES;
				CLANG_WARN_OBJC_ROOT_CLASS = YES_ERROR;
				CLANG_WARN_QUOTED_INCLUDE_IN_FRAMEWORK_HEADER = YES;
				CLANG_WARN_RANGE_LOOP_ANALYSIS = YES;
				CLANG_WARN_STRICT_PROTOTYPES = YES;
				CLANG_WARN_SUSPICIOUS_MOVE = YES;
				CLANG_WARN_UNGUARDED_AVAILABILITY = YES_AGGRESSIVE;
				CLANG_WARN_UNREACHABLE_CODE = YES;
				CLANG_WARN__DUPLICATE_METHOD_MATCH = YES;
				COPY_PHASE_STRIP = NO;
				DEBUG_INFORMATION_FORMAT = dwarf;
				ENABLE_STRICT_OBJC_MSGSEND = YES;
				ENABLE_TESTABILITY = YES;
				ENABLE_USER_SCRIPT_SANDBOXING = YES;
				GCC_C_LANGUAGE_STANDARD = gnu17;
				GCC_DYNAMIC_NO_PIC = NO;
				GCC_NO_COMMON_BLOCKS = YES;
				GCC_OPTIMIZATION_LEVEL = 0;
				GCC_PREPROCESSOR_DEFINITIONS = (
					"DEBUG=1",
					"$(inherited)",
				);
				GCC_WARN_64_TO_32_BIT_CONVERSION = YES;
				GCC_WARN_ABOUT_RETURN_TYPE = YES_ERROR;
				GCC_WARN_UNDECLARED_SELECTOR = YES;
				GCC_WARN_UNINITIALIZED_AUTOS = YES_AGGRESSIVE;
				GCC_WARN_UNUSED_FUNCTION = YES;
				GCC_WARN_UNUSED_VARIABLE = YES;
				IPHONEOS_DEPLOYMENT_TARGET = 17.0;
				LOCALIZATION_PREFERS_STRING_CATALOGS = YES;
				MTL_ENABLE_DEBUG_INFO = INCLUDE_SOURCE;
				MTL_FAST_MATH = YES;
				ONLY_ACTIVE_ARCH = YES;
				SDKROOT = iphoneos;
				SWIFT_ACTIVE_COMPILATION_CONDITIONS = "DEBUG $(inherited)";
				SWIFT_OPTIMIZATION_LEVEL = "-Onone";
			};
			name = Debug;
		};
		A1234567890123456789015G /* Release */ = {
			isa = XCBuildConfiguration;
			buildSettings = {
				ALWAYS_SEARCH_USER_PATHS = NO;
				ASSETCATALOG_COMPILER_GENERATE_SWIFT_ASSET_SYMBOL_EXTENSIONS = YES;
				CLANG_ANALYZER_NONNULL = YES;
				CLANG_ANALYZER_NUMBER_OBJECT_CONVERSION = YES_AGGRESSIVE;
				CLANG_CXX_LANGUAGE_STANDARD = "gnu++20";
				CLANG_ENABLE_MODULES = YES;
				CLANG_ENABLE_OBJC_ARC = YES;
				CLANG_ENABLE_OBJC_WEAK = YES;
				CLANG_WARN_BLOCK_CAPTURE_AUTORELEASING = YES;
				CLANG_WARN_BOOL_CONVERSION = YES;
				CLANG_WARN_COMMA = YES;
				CLANG_WARN_CONSTANT_CONVERSION = YES;
				CLANG_WARN_DEPRECATED_OBJC_IMPLEMENTATIONS = YES;
				CLANG_WARN_DIRECT_OBJC_ISA_USAGE = YES_ERROR;
				CLANG_WARN_DOCUMENTATION_COMMENTS = YES;
				CLANG_WARN_EMPTY_BODY = YES;
				CLANG_WARN_ENUM_CONVERSION = YES;
				CLANG_WARN_INFINITE_RECURSION = YES;
				CLANG_WARN_INT_CONVERSION = YES;
				CLANG_WARN_NON_LITERAL_NULL_CONVERSION = YES;
				CLANG_WARN_OBJC_IMPLICIT_RETAIN_SELF = YES;
				CLANG_WARN_OBJC_LITERAL_CONVERSION = YES;
				CLANG_WARN_OBJC_ROOT_CLASS = YES_ERROR;
				CLANG_WARN_QUOTED_INCLUDE_IN_FRAMEWORK_HEADER = YES;
				CLANG_WARN_RANGE_LOOP_ANALYSIS = YES;
				CLANG_WARN_STRICT_PROTOTYPES = YES;
				CLANG_WARN_SUSPICIOUS_MOVE = YES;
				CLANG_WARN_UNGUARDED_AVAILABILITY = YES_AGGRESSIVE;
				CLANG_WARN_UNREACHABLE_CODE = YES;
				CLANG_WARN__DUPLICATE_METHOD_MATCH = YES;
				COPY_PHASE_STRIP = NO;
				DEBUG_INFORMATION_FORMAT = "dwarf-with-dsym";
				ENABLE_NS_ASSERTIONS = NO;
				ENABLE_STRICT_OBJC_MSGSEND = YES;
				ENABLE_USER_SCRIPT_SANDBOXING = YES;
				GCC_C_LANGUAGE_STANDARD = gnu17;
				GCC_NO_COMMON_BLOCKS = YES;
				GCC_WARN_64_TO_32_BIT_CONVERSION = YES;
				GCC_WARN_ABOUT_RETURN_TYPE = YES_ERROR;
				GCC_WARN_UNDECLARED_SELECTOR = YES;
				GCC_WARN_UNINITIALIZED_AUTOS = YES_AGGRESSIVE;
				GCC_WARN_UNUSED_FUNCTION = YES;
				GCC_WARN_UNUSED_VARIABLE = YES;
				IPHONEOS_DEPLOYMENT_TARGET = 17.0;
				LOCALIZATION_PREFERS_STRING_CATALOGS = YES;
				MTL_ENABLE_DEBUG_INFO = NO;
				MTL_FAST_MATH = YES;
				SDKROOT = iphoneos;
				SWIFT_COMPILATION_MODE = wholemodule;
				VALIDATE_PRODUCT = YES;
			};
			name = Release;
		};
		A1234567890123456789015H /* Debug */ = {
			isa = XCBuildConfiguration;
			buildSettings = {
				ASSETCATALOG_COMPILER_APPICON_NAME = AppIcon;
				ASSETCATALOG_COMPILER_GLOBAL_ACCENT_COLOR_NAME = AccentColor;
				CODE_SIGN_STYLE = Automatic;
				CURRENT_PROJECT_VERSION = 1;
				DEVELOPMENT_TEAM = "";
				ENABLE_PREVIEWS = YES;
				GENERATE_INFOPLIST_FILE = YES;
				INFOPLIST_KEY_NSSupportsLiveActivities = YES;
				INFOPLIST_KEY_NSSupportsLiveActivitiesFrequentUpdates = YES;
				INFOPLIST_KEY_UIApplicationSceneManifest_Generation = YES;
				INFOPLIST_KEY_UIApplicationSupportsIndirectInputEvents = YES;
				INFOPLIST_KEY_UILaunchScreen_Generation = YES;
				INFOPLIST_KEY_UISupportedInterfaceOrientations_iPad = "UIInterfaceOrientationPortrait UIInterfaceOrientationPortraitUpsideDown UIInterfaceOrientationLandscapeLeft UIInterfaceOrientationLandscapeRight";
				INFOPLIST_KEY_UISupportedInterfaceOrientations_iPhone = "UIInterfaceOrientationPortrait UIInterfaceOrientationLandscapeLeft UIInterfaceOrientationLandscapeRight";
				LD_RUNPATH_SEARCH_PATHS = (
					"$(inherited)",
					"@executable_path/Frameworks",
				);
				MARKETING_VERSION = 1.0;
				PRODUCT_BUNDLE_IDENTIFIER = com.lumenfocus.app;
				PRODUCT_NAME = "$(TARGET_NAME)";
				SWIFT_EMIT_LOC_STRINGS = YES;
				SWIFT_VERSION = 5.0;
				TARGETED_DEVICE_FAMILY = "1,2";
			};
			name = Debug;
		};
		A1234567890123456789015I /* Release */ = {
			isa = XCBuildConfiguration;
			buildSettings = {
				ASSETCATALOG_COMPILER_APPICON_NAME = AppIcon;
				ASSETCATALOG_COMPILER_GLOBAL_ACCENT_COLOR_NAME = AccentColor;
				CODE_SIGN_STYLE = Automatic;
				CURRENT_PROJECT_VERSION = 1;
				DEVELOPMENT_TEAM = "";
				ENABLE_PREVIEWS = YES;
				GENERATE_INFOPLIST_FILE = YES;
				INFOPLIST_KEY_NSSupportsLiveActivities = YES;
				INFOPLIST_KEY_NSSupportsLiveActivitiesFrequentUpdates = YES;
				INFOPLIST_KEY_UIApplicationSceneManifest_Generation = YES;
				INFOPLIST_KEY_UIApplicationSupportsIndirectInputEvents = YES;
				INFOPLIST_KEY_UILaunchScreen_Generation = YES;
				INFOPLIST_KEY_UISupportedInterfaceOrientations_iPad = "UIInterfaceOrientationPortrait UIInterfaceOrientationPortraitUpsideDown UIInterfaceOrientationLandscapeLeft UIInterfaceOrientationLandscapeRight";
				INFOPLIST_KEY_UISupportedInterfaceOrientations_iPhone = "UIInterfaceOrientationPortrait UIInterfaceOrientationLandscapeLeft UIInterfaceOrientationLandscapeRight";
				LD_RUNPATH_SEARCH_PATHS = (
					"$(inherited)",
					"@executable_path/Frameworks",
				);
				MARKETING_VERSION = 1.0;
				PRODUCT_BUNDLE_IDENTIFIER = com.lumenfocus.app;
				PRODUCT_NAME = "$(TARGET_NAME)";
				SWIFT_EMIT_LOC_STRINGS = YES;
				SWIFT_VERSION = 5.0;
				TARGETED_DEVICE_FAMILY = "1,2";
			};
			name = Release;
		};
/* End XCBuildConfiguration section */

/* Begin XCConfigurationList section */
		A1234567890123456789015A /* Build configuration list for PBXNativeTarget "LumenFocus" */ = {
			isa = XCConfigurationList;
			buildConfigurations = (
				A1234567890123456789015H /* Debug */,
				A1234567890123456789015I /* Release */,
			);
			defaultConfigurationIsVisible = 0;
			defaultConfigurationName = Release;
		};
		A1234567890123456789015E /* Build configuration list for PBXProject "LumenFocus" */ = {
			isa = XCConfigurationList;
			buildConfigurations = (
				A1234567890123456789015F /* Debug */,
				A1234567890123456789015G /* Release */,
			);
			defaultConfigurationIsVisible = 0;
			defaultConfigurationName = Release;
		};
/* End XCConfigurationList section */

/* Begin XCVersionGroup section */
		A1234567890123456789015J /* LumenFocus.xcdatamodel */ = {
			isa = XCVersionGroup;
			children = (
				A1234567890123456789014J /* LumenFocus.xcdatamodel */,
			);
			currentVersion = A1234567890123456789014J /* LumenFocus.xcdatamodel */;
			path = LumenFocus.xcdatamodeld;
			sourceTree = "<group>";
			versionGroupType = wrapper.xcdatamodel;
		};
/* End XCVersionGroup section */
	};
	rootObject = A1234567890123456789015D /* Project object */;
}
